
Microsoft Visual Studio Solution File, Format Version 12.00
# Visual Studio Version 17
VisualStudioVersion = 17.5.002.0
MinimumVisualStudioVersion = 10.0.40219.1
Project("{9A19103F-16F7-4668-BE54-9A1E7A4F7556}") = "Citas_API", "Citas_API.csproj", "{F49784B9-63E1-4555-B136-B0380D4CAEF4}"
EndProject
Global
	GlobalSection(SolutionConfigurationPlatforms) = preSolution
		Debug|Any CPU = Debug|Any CPU
		Release|Any CPU = Release|Any CPU
	EndGlobalSection
	GlobalSection(ProjectConfigurationPlatforms) = postSolution
		{F49784B9-63E1-4555-B136-B0380D4CAEF4}.Debug|Any CPU.ActiveCfg = Debug|Any CPU
		{F49784B9-63E1-4555-B136-B0380D4CAEF4}.Debug|Any CPU.Build.0 = Debug|Any CPU
		{F49784B9-63E1-4555-B136-B0380D4CAEF4}.Release|Any CPU.ActiveCfg = Release|Any CPU
		{F49784B9-63E1-4555-B136-B0380D4CAEF4}.Release|Any CPU.Build.0 = Release|Any CPU
	EndGlobalSection
	GlobalSection(SolutionProperties) = preSolution
		HideSolutionNode = FALSE
	EndGlobalSection
	GlobalSection(ExtensibilityGlobals) = postSolution
		SolutionGuid = {CE73FDA7-B102-47B5-9CAD-894EEB64A5F7}
	EndGlobalSection
EndGlobal
